
Microsoft Visual Studio Solution File, Format Version 12.00
# Visual Studio Version 16
VisualStudioVersion = 16.0.31402.337
MinimumVisualStudioVersion = 10.0.40219.1
Project("{FAE04EC0-301F-11D3-BF4B-00C04F79EFBC}") = "DataApplicatie", "DataApplicatie\DataApplicatie.csproj", "{42DBA22A-F1CC-410D-8834-76B0CA7121CA}"
EndProject
Project("{FAE04EC0-301F-11D3-BF4B-00C04F79EFBC}") = "DBLaag", "DBLaag\DBLaag.csproj", "{C650C278-0F73-43D9-A0A4-7DC551FEBB5D}"
EndProject
Global
	GlobalSection(SolutionConfigurationPlatforms) = preSolution
		Debug|Any CPU = Debug|Any CPU
		Release|Any CPU = Release|Any CPU
	EndGlobalSection
	GlobalSection(ProjectConfigurationPlatforms) = postSolution
		{42DBA22A-F1CC-410D-8834-76B0CA7121CA}.Debug|Any CPU.ActiveCfg = Debug|Any CPU
		{42DBA22A-F1CC-410D-8834-76B0CA7121CA}.Debug|Any CPU.Build.0 = Debug|Any CPU
		{42DBA22A-F1CC-410D-8834-76B0CA7121CA}.Release|Any CPU.ActiveCfg = Release|Any CPU
		{42DBA22A-F1CC-410D-8834-76B0CA7121CA}.Release|Any CPU.Build.0 = Release|Any CPU
		{C650C278-0F73-43D9-A0A4-7DC551FEBB5D}.Debug|Any CPU.ActiveCfg = Debug|Any CPU
		{C650C278-0F73-43D9-A0A4-7DC551FEBB5D}.Debug|Any CPU.Build.0 = Debug|Any CPU
		{C650C278-0F73-43D9-A0A4-7DC551FEBB5D}.Release|Any CPU.ActiveCfg = Release|Any CPU
		{C650C278-0F73-43D9-A0A4-7DC551FEBB5D}.Release|Any CPU.Build.0 = Release|Any CPU
	EndGlobalSection
	GlobalSection(SolutionProperties) = preSolution
		HideSolutionNode = FALSE
	EndGlobalSection
	GlobalSection(ExtensibilityGlobals) = postSolution
		SolutionGuid = {BD0A95D3-621F-4F67-AD32-69A7A3EC3F18}
	EndGlobalSection
EndGlobal
